
Microsoft Visual Studio Solution File, Format Version 12.00
# Visual Studio Version 16
VisualStudioVersion = 16.0.28803.352
MinimumVisualStudioVersion = 10.0.40219.1
Project("{FAE04EC0-301F-11D3-BF4B-00C04F79EFBC}") = "Kin_Carta_Automation", "Kin_Carta_Automation\Kin_Carta_Automation.csproj", "{99FFA0A0-812D-471D-BBD8-A0CEED0A7E5F}"
EndProject
Global
	GlobalSection(SolutionConfigurationPlatforms) = preSolution
		Debug|Any CPU = Debug|Any CPU
		Release|Any CPU = Release|Any CPU
	EndGlobalSection
	GlobalSection(ProjectConfigurationPlatforms) = postSolution
		{99FFA0A0-812D-471D-BBD8-A0CEED0A7E5F}.Debug|Any CPU.ActiveCfg = Debug|Any CPU
		{99FFA0A0-812D-471D-BBD8-A0CEED0A7E5F}.Debug|Any CPU.Build.0 = Debug|Any CPU
		{99FFA0A0-812D-471D-BBD8-A0CEED0A7E5F}.Release|Any CPU.ActiveCfg = Release|Any CPU
		{99FFA0A0-812D-471D-BBD8-A0CEED0A7E5F}.Release|Any CPU.Build.0 = Release|Any CPU
	EndGlobalSection
	GlobalSection(SolutionProperties) = preSolution
		HideSolutionNode = FALSE
	EndGlobalSection
	GlobalSection(ExtensibilityGlobals) = postSolution
		SolutionGuid = {1412F5D4-A656-4C48-AB7B-7B9C653F2CF5}
	EndGlobalSection
EndGlobal
